// !$*UTF8*$!
{
	archiveVersion = 1;
	classes = {
	};
	objectVersion = 46;
	objects = {

/* Begin PBXBuildFile section */
		42612E321DE66AA700544130 /* AppDelegate.swift in Sources */ = {isa = PBXBuildFile; fileRef = 42612E311DE66AA700544130 /* AppDelegate.swift */; };
		42612E341DE66AA700544130 /* ViewController.swift in Sources */ = {isa = PBXBuildFile; fileRef = 42612E331DE66AA700544130 /* ViewController.swift */; };
		42612E371DE66AA700544130 /* Main.storyboard in Resources */ = {isa = PBXBuildFile; fileRef = 42612E351DE66AA700544130 /* Main.storyboard */; };
		42612E391DE66AA700544130 /* Assets.xcassets in Resources */ = {isa = PBXBuildFile; fileRef = 42612E381DE66AA700544130 /* Assets.xcassets */; };
		42612E3C1DE66AA700544130 /* LaunchScreen.storyboard in Resources */ = {isa = PBXBuildFile; fileRef = 42612E3A1DE66AA700544130 /* LaunchScreen.storyboard */; };
		42612E471DE66AA700544130 /* CalculadoraTests.swift in Sources */ = {isa = PBXBuildFile; fileRef = 42612E461DE66AA700544130 /* CalculadoraTests.swift */; };
		42612E521DE66AA700544130 /* CalculadoraUITests.swift in Sources */ = {isa = PBXBuildFile; fileRef = 42612E511DE66AA700544130 /* CalculadoraUITests.swift */; };
/* End PBXBuildFile section */

/* Begin PBXContainerItemProxy section */
		42612E431DE66AA700544130 /* PBXContainerItemProxy */ = {
			isa = PBXContainerItemProxy;
			containerPortal = 42612E261DE66AA700544130 /* Project object */;
			proxyType = 1;
			remoteGlobalIDString = 42612E2D1DE66AA700544130;
			remoteInfo = Calculadora;
		};
		42612E4E1DE66AA700544130 /* PBXContainerItemProxy */ = {
			isa = PBXContainerItemProxy;
			containerPortal = 42612E261DE66AA700544130 /* Project object */;
			proxyType = 1;
			remoteGlobalIDString = 42612E2D1DE66AA700544130;
			remoteInfo = Calculadora;
		};
/* End PBXContainerItemProxy section */

/* Begin PBXFileReference section */
		42612E2E1DE66AA700544130 /* Calculadora.app */ = {isa = PBXFileReference; explicitFileType = wrapper.application; includeInIndex = 0; path = Calculadora.app; sourceTree = BUILT_PRODUCTS_DIR; };
		42612E311DE66AA700544130 /* AppDelegate.swift */ = {isa = PBXFileReference; lastKnownFileType = sourcecode.swift; path = AppDelegate.swift; sourceTree = "<group>"; };
		42612E331DE66AA700544130 /* ViewController.swift */ = {isa = PBXFileReference; lastKnownFileType = sourcecode.swift; path = ViewController.swift; sourceTree = "<group>"; };
		42612E361DE66AA700544130 /* Base */ = {isa = PBXFileReference; lastKnownFileType = file.storyboard; name = Base; path = Base.lproj/Main.storyboard; sourceTree = "<group>"; };
		42612E381DE66AA700544130 /* Assets.xcassets */ = {isa = PBXFileReference; lastKnownFileType = folder.assetcatalog; path = Assets.xcassets; sourceTree = "<group>"; };
		42612E3B1DE66AA700544130 /* Base */ = {isa = PBXFileReference; lastKnownFileType = file.storyboard; name = Base; path = Base.lproj/LaunchScreen.storyboard; sourceTree = "<group>"; };
		42612E3D1DE66AA700544130 /* Info.plist */ = {isa = PBXFileReference; lastKnownFileType = text.plist.xml; path = Info.plist; sourceTree = "<group>"; };
		42612E421DE66AA700544130 /* CalculadoraTests.xctest */ = {isa = PBXFileReference; explicitFileType = wrapper.cfbundle; includeInIndex = 0; path = CalculadoraTests.xctest; sourceTree = BUILT_PRODUCTS_DIR; };
		42612E461DE66AA700544130 /* CalculadoraTests.swift */ = {isa = PBXFileReference; lastKnownFileType = sourcecode.swift; path = CalculadoraTests.swift; sourceTree = "<group>"; };
		42612E481DE66AA700544130 /* Info.plist */ = {isa = PBXFileReference; lastKnownFileType = text.plist.xml; path = Info.plist; sourceTree = "<group>"; };
		42612E4D1DE66AA700544130 /* CalculadoraUITests.xctest */ = {isa = PBXFileReference; explicitFileType = wrapper.cfbundle; includeInIndex = 0; path = CalculadoraUITests.xctest; sourceTree = BUILT_PRODUCTS_DIR; };
		42612E511DE66AA700544130 /* CalculadoraUITests.swift */ = {isa = PBXFileReference; lastKnownFileType = sourcecode.swift; path = CalculadoraUITests.swift; sourceTree = "<group>"; };
		42612E531DE66AA700544130 /* Info.plist */ = {isa = PBXFileReference; lastKnownFileType = text.plist.xml; path = Info.plist; sourceTree = "<group>"; };
/* End PBXFileReference section */

/* Begin PBXFrameworksBuildPhase section */
		42612E2B1DE66AA700544130 /* Frameworks */ = {
			isa = PBXFrameworksBuildPhase;
			buildActionMask = 2147483647;
			files = (
			);
			runOnlyForDeploymentPostprocessing = 0;
		};
		42612E3F1DE66AA700544130 /* Frameworks */ = {
			isa = PBXFrameworksBuildPhase;
			buildActionMask = 2147483647;
			files = (
			);
			runOnlyForDeploymentPostprocessing = 0;
		};
		42612E4A1DE66AA700544130 /* Frameworks */ = {
			isa = PBXFrameworksBuildPhase;
			buildActionMask = 2147483647;
			files = (
			);
			runOnlyForDeploymentPostprocessing = 0;
		};
/* End PBXFrameworksBuildPhase section */

/* Begin PBXGroup section */
		42612E251DE66AA700544130 = {
			isa = PBXGroup;
			children = (
				42612E301DE66AA700544130 /* Calculadora */,
				42612E451DE66AA700544130 /* CalculadoraTests */,
				42612E501DE66AA700544130 /* CalculadoraUITests */,
				42612E2F1DE66AA700544130 /* Products */,
			);
			sourceTree = "<group>";
		};
		42612E2F1DE66AA700544130 /* Products */ = {
			isa = PBXGroup;
			children = (
				42612E2E1DE66AA700544130 /* Calculadora.app */,
				42612E421DE66AA700544130 /* CalculadoraTests.xctest */,
				42612E4D1DE66AA700544130 /* CalculadoraUITests.xctest */,
			);
			name = Products;
			sourceTree = "<group>";
		};
		42612E301DE66AA700544130 /* Calculadora */ = {
			isa = PBXGroup;
			children = (
				42612E311DE66AA700544130 /* AppDelegate.swift */,
				42612E331DE66AA700544130 /* ViewController.swift */,
				42612E351DE66AA700544130 /* Main.storyboard */,
				42612E381DE66AA700544130 /* Assets.xcassets */,
				42612E3A1DE66AA700544130 /* LaunchScreen.storyboard */,
				42612E3D1DE66AA700544130 /* Info.plist */,
			);
			path = Calculadora;
			sourceTree = "<group>";
		};
		42612E451DE66AA700544130 /* CalculadoraTests */ = {
			isa = PBXGroup;
			children = (
				42612E461DE66AA700544130 /* CalculadoraTests.swift */,
				42612E481DE66AA700544130 /* Info.plist */,
			);
			path = CalculadoraTests;
			sourceTree = "<group>";
		};
		42612E501DE66AA700544130 /* CalculadoraUITests */ = {
			isa = PBXGroup;
			children = (
				42612E511DE66AA700544130 /* CalculadoraUITests.swift */,
				42612E531DE66AA700544130 /* Info.plist */,
			);
			path = CalculadoraUITests;
			sourceTree = "<group>";
		};
/* End PBXGroup section */

/* Begin PBXNativeTarget section */
		42612E2D1DE66AA700544130 /* Calculadora */ = {
			isa = PBXNativeTarget;
			buildConfigurationList = 42612E561DE66AA700544130 /* Build configuration list for PBXNativeTarget "Calculadora" */;
			buildPhases = (
				42612E2A1DE66AA700544130 /* Sources */,
				42612E2B1DE66AA700544130 /* Frameworks */,
				42612E2C1DE66AA700544130 /* Resources */,
			);
			buildRules = (
			);
			dependencies = (
			);
			name = Calculadora;
			productName = Calculadora;
			productReference = 42612E2E1DE66AA700544130 /* Calculadora.app */;
			productType = "com.apple.product-type.application";
		};
		42612E411DE66AA700544130 /* CalculadoraTests */ = {
			isa = PBXNativeTarget;
			buildConfigurationList = 42612E591DE66AA700544130 /* Build configuration list for PBXNativeTarget "CalculadoraTests" */;
			buildPhases = (
				42612E3E1DE66AA700544130 /* Sources */,
				42612E3F1DE66AA700544130 /* Frameworks */,
				42612E401DE66AA700544130 /* Resources */,
			);
			buildRules = (
			);
			dependencies = (
				42612E441DE66AA700544130 /* PBXTargetDependency */,
			);
			name = CalculadoraTests;
			productName = CalculadoraTests;
			productReference = 42612E421DE66AA700544130 /* CalculadoraTests.xctest */;
			productType = "com.apple.product-type.bundle.unit-test";
		};
		42612E4C1DE66AA700544130 /* CalculadoraUITests */ = {
			isa = PBXNativeTarget;
			buildConfigurationList = 42612E5C1DE66AA700544130 /* Build configuration list for PBXNativeTarget "CalculadoraUITests" */;
			buildPhases = (
				42612E491DE66AA700544130 /* Sources */,
				42612E4A1DE66AA700544130 /* Frameworks */,
				42612E4B1DE66AA700544130 /* Resources */,
			);
			buildRules = (
			);
			dependencies = (
				42612E4F1DE66AA700544130 /* PBXTargetDependency */,
			);
			name = CalculadoraUITests;
			productName = CalculadoraUITests;
			productReference = 42612E4D1DE66AA700544130 /* CalculadoraUITests.xctest */;
			productType = "com.apple.product-type.bundle.ui-testing";
		};
/* End PBXNativeTarget section */

/* Begin PBXProject section */
		42612E261DE66AA700544130 /* Project object */ = {
			isa = PBXProject;
			attributes = {
				LastSwiftUpdateCheck = 0810;
				LastUpgradeCheck = 0810;
				ORGANIZATIONNAME = ITT;
				TargetAttributes = {
					42612E2D1DE66AA700544130 = {
						CreatedOnToolsVersion = 8.1;
						ProvisioningStyle = Automatic;
					};
					42612E411DE66AA700544130 = {
						CreatedOnToolsVersion = 8.1;
						ProvisioningStyle = Automatic;
						TestTargetID = 42612E2D1DE66AA700544130;
					};
					42612E4C1DE66AA700544130 = {
						CreatedOnToolsVersion = 8.1;
						ProvisioningStyle = Automatic;
						TestTargetID = 42612E2D1DE66AA700544130;
					};
				};
			};
			buildConfigurationList = 42612E291DE66AA700544130 /* Build configuration list for PBXProject "Calculadora" */;
			compatibilityVersion = "Xcode 3.2";
			developmentRegion = English;
			hasScannedForEncodings = 0;
			knownRegions = (
				en,
				Base,
			);
			mainGroup = 42612E251DE66AA700544130;
			productRefGroup = 42612E2F1DE66AA700544130 /* Products */;
			projectDirPath = "";
			projectRoot = "";
			targets = (
				42612E2D1DE66AA700544130 /* Calculadora */,
				42612E411DE66AA700544130 /* CalculadoraTests */,
				42612E4C1DE66AA700544130 /* CalculadoraUITests */,
			);
		};
/* End PBXProject section */

/* Begin PBXResourcesBuildPhase section */
		42612E2C1DE66AA700544130 /* Resources */ = {
			isa = PBXResourcesBuildPhase;
			buildActionMask = 2147483647;
			files = (
				42612E3C1DE66AA700544130 /* LaunchScreen.storyboard in Resources */,
				42612E391DE66AA700544130 /* Assets.xcassets in Resources */,
				42612E371DE66AA700544130 /* Main.storyboard in Resources */,
			);
			runOnlyForDeploymentPostprocessing = 0;
		};
		42612E401DE66AA700544130 /* Resources */ = {
			isa = PBXResourcesBuildPhase;
			buildActionMask = 2147483647;
			files = (
			);
			runOnlyForDeploymentPostprocessing = 0;
		};
		42612E4B1DE66AA700544130 /* Resources */ = {
			isa = PBXResourcesBuildPhase;
			buildActionMask = 2147483647;
			files = (
			);
			runOnlyForDeploymentPostprocessing = 0;
		};
/* End PBXResourcesBuildPhase section */

/* Begin PBXSourcesBuildPhase section */
		42612E2A1DE66AA700544130 /* Sources */ = {
			isa = PBXSourcesBuildPhase;
			buildActionMask = 2147483647;
			files = (
				42612E341DE66AA700544130 /* ViewController.swift in Sources */,
				42612E321DE66AA700544130 /* AppDelegate.swift in Sources */,
			);
			runOnlyForDeploymentPostprocessing = 0;
		};
		42612E3E1DE66AA700544130 /* Sources */ = {
			isa = PBXSourcesBuildPhase;
			buildActionMask = 2147483647;
			files = (
				42612E471DE66AA700544130 /* CalculadoraTests.swift in Sources */,
			);
			runOnlyForDeploymentPostprocessing = 0;
		};
		42612E491DE66AA700544130 /* Sources */ = {
			isa = PBXSourcesBuildPhase;
			buildActionMask = 2147483647;
			files = (
				42612E521DE66AA700544130 /* CalculadoraUITests.swift in Sources */,
			);
			runOnlyForDeploymentPostprocessing = 0;
		};
/* End PBXSourcesBuildPhase section */

/* Begin PBXTargetDependency section */
		42612E441DE66AA700544130 /* PBXTargetDependency */ = {
			isa = PBXTargetDependency;
			target = 42612E2D1DE66AA700544130 /* Calculadora */;
			targetProxy = 42612E431DE66AA700544130 /* PBXContainerItemProxy */;
		};
		42612E4F1DE66AA700544130 /* PBXTargetDependency */ = {
			isa = PBXTargetDependency;
			target = 42612E2D1DE66AA700544130 /* Calculadora */;
			targetProxy = 42612E4E1DE66AA700544130 /* PBXContainerItemProxy */;
		};
/* End PBXTargetDependency section */

/* Begin PBXVariantGroup section */
		42612E351DE66AA700544130 /* Main.storyboard */ = {
			isa = PBXVariantGroup;
			children = (
				42612E361DE66AA700544130 /* Base */,
			);
			name = Main.storyboard;
			sourceTree = "<group>";
		};
		42612E3A1DE66AA700544130 /* LaunchScreen.storyboard */ = {
			isa = PBXVariantGroup;
			children = (
				42612E3B1DE66AA700544130 /* Base */,
			);
			name = LaunchScreen.storyboard;
			sourceTree = "<group>";
		};
/* End PBXVariantGroup section */

/* Begin XCBuildConfiguration section */
		42612E541DE66AA700544130 /* Debug */ = {
			isa = XCBuildConfiguration;
			buildSettings = {
				ALWAYS_SEARCH_USER_PATHS = NO;
				CLANG_ANALYZER_NONNULL = YES;
				CLANG_CXX_LANGUAGE_STANDARD = "gnu++0x";
				CLANG_CXX_LIBRARY = "libc++";
				CLANG_ENABLE_MODULES = YES;
				CLANG_ENABLE_OBJC_ARC = YES;
				CLANG_WARN_BOOL_CONVERSION = YES;
				CLANG_WARN_CONSTANT_CONVERSION = YES;
				CLANG_WARN_DIRECT_OBJC_ISA_USAGE = YES_ERROR;
				CLANG_WARN_DOCUMENTATION_COMMENTS = YES;
				CLANG_WARN_EMPTY_BODY = YES;
				CLANG_WARN_ENUM_CONVERSION = YES;
				CLANG_WARN_INFINITE_RECURSION = YES;
				CLANG_WARN_INT_CONVERSION = YES;
				CLANG_WARN_OBJC_ROOT_CLASS = YES_ERROR;
				CLANG_WARN_SUSPICIOUS_MOVES = YES;
				CLANG_WARN_UNREACHABLE_CODE = YES;
				CLANG_WARN__DUPLICATE_METHOD_MATCH = YES;
				"CODE_SIGN_IDENTITY[sdk=iphoneos*]" = "iPhone Developer";
				COPY_PHASE_STRIP = NO;
				DEBUG_INFORMATION_FORMAT = dwarf;
				ENABLE_STRICT_OBJC_MSGSEND = YES;
				ENABLE_TESTABILITY = YES;
				GCC_C_LANGUAGE_STANDARD = gnu99;
				GCC_DYNAMIC_NO_PIC = NO;
				GCC_NO_COMMON_BLOCKS = YES;
				GCC_OPTIMIZATION_LEVEL = 0;
				GCC_PREPROCESSOR_DEFINITIONS = (
					"DEBUG=1",
					"$(inherited)",
				);
				GCC_WARN_64_TO_32_BIT_CONVERSION = YES;
				GCC_WARN_ABOUT_RETURN_TYPE = YES_ERROR;
				GCC_WARN_UNDECLARED_SELECTOR = YES;
				GCC_WARN_UNINITIALIZED_AUTOS = YES_AGGRESSIVE;
				GCC_WARN_UNUSED_FUNCTION = YES;
				GCC_WARN_UNUSED_VARIABLE = YES;
				IPHONEOS_DEPLOYMENT_TARGET = 10.1;
				MTL_ENABLE_DEBUG_INFO = YES;
				ONLY_ACTIVE_ARCH = YES;
				SDKROOT = iphoneos;
				SWIFT_ACTIVE_COMPILATION_CONDITIONS = DEBUG;
				SWIFT_OPTIMIZATION_LEVEL = "-Onone";
				TARGETED_DEVICE_FAMILY = "1,2";
			};
			name = Debug;
		};
		42612E551DE66AA700544130 /* Release */ = {
			isa = XCBuildConfiguration;
			buildSettings = {
				ALWAYS_SEARCH_USER_PATHS = NO;
				CLANG_ANALYZER_NONNULL = YES;
				CLANG_CXX_LANGUAGE_STANDARD = "gnu++0x";
				CLANG_CXX_LIBRARY = "libc++";
				CLANG_ENABLE_MODULES = YES;
				CLANG_ENABLE_OBJC_ARC = YES;
				CLANG_WARN_BOOL_CONVERSION = YES;
				CLANG_WARN_CONSTANT_CONVERSION = YES;
				CLANG_WARN_DIRECT_OBJC_ISA_USAGE = YES_ERROR;
				CLANG_WARN_DOCUMENTATION_COMMENTS = YES;
				CLANG_WARN_EMPTY_BODY = YES;
				CLANG_WARN_ENUM_CONVERSION = YES;
				CLANG_WARN_INFINITE_RECURSION = YES;
				CLANG_WARN_INT_CONVERSION = YES;
				CLANG_WARN_OBJC_ROOT_CLASS = YES_ERROR;
				CLANG_WARN_SUSPICIOUS_MOVES = YES;
				CLANG_WARN_UNREACHABLE_CODE = YES;
				CLANG_WARN__DUPLICATE_METHOD_MATCH = YES;
				"CODE_SIGN_IDENTITY[sdk=iphoneos*]" = "iPhone Developer";
				COPY_PHASE_STRIP = NO;
				DEBUG_INFORMATION_FORMAT = "dwarf-with-dsym";
				ENABLE_NS_ASSERTIONS = NO;
				ENABLE_STRICT_OBJC_MSGSEND = YES;
				GCC_C_LANGUAGE_STANDARD = gnu99;
				GCC_NO_COMMON_BLOCKS = YES;
				GCC_WARN_64_TO_32_BIT_CONVERSION = YES;
				GCC_WARN_ABOUT_RETURN_TYPE = YES_ERROR;
				GCC_WARN_UNDECLARED_SELECTOR = YES;
				GCC_WARN_UNINITIALIZED_AUTOS = YES_AGGRESSIVE;
				GCC_WARN_UNUSED_FUNCTION = YES;
				GCC_WARN_UNUSED_VARIABLE = YES;
				IPHONEOS_DEPLOYMENT_TARGET = 10.1;
				MTL_ENABLE_DEBUG_INFO = NO;
				SDKROOT = iphoneos;
				SWIFT_OPTIMIZATION_LEVEL = "-Owholemodule";
				TARGETED_DEVICE_FAMILY = "1,2";
				VALIDATE_PRODUCT = YES;
			};
			name = Release;
		};
		42612E571DE66AA700544130 /* Debug */ = {
			isa = XCBuildConfiguration;
			buildSettings = {
				ASSETCATALOG_COMPILER_APPICON_NAME = AppIcon;
				INFOPLIST_FILE = Calculadora/Info.plist;
				LD_RUNPATH_SEARCH_PATHS = "$(inherited) @executable_path/Frameworks";
				PRODUCT_BUNDLE_IDENTIFIER = mx.edu.tectijuana.Calculadora;
				PRODUCT_NAME = "$(TARGET_NAME)";
				SWIFT_VERSION = 3.0;
			};
			name = Debug;
		};
		42612E581DE66AA700544130 /* Release */ = {
			isa = XCBuildConfiguration;
			buildSettings = {
				ASSETCATALOG_COMPILER_APPICON_NAME = AppIcon;
				INFOPLIST_FILE = Calculadora/Info.plist;
				LD_RUNPATH_SEARCH_PATHS = "$(inherited) @executable_path/Frameworks";
				PRODUCT_BUNDLE_IDENTIFIER = mx.edu.tectijuana.Calculadora;
				PRODUCT_NAME = "$(TARGET_NAME)";
				SWIFT_VERSION = 3.0;
			};
			name = Release;
		};
		42612E5A1DE66AA700544130 /* Debug */ = {
			isa = XCBuildConfiguration;
			buildSettings = {
				ALWAYS_EMBED_SWIFT_STANDARD_LIBRARIES = YES;
				BUNDLE_LOADER = "$(TEST_HOST)";
				INFOPLIST_FILE = CalculadoraTests/Info.plist;
				LD_RUNPATH_SEARCH_PATHS = "$(inherited) @executable_path/Frameworks @loader_path/Frameworks";
				PRODUCT_BUNDLE_IDENTIFIER = mx.edu.tectijuana.CalculadoraTests;
				PRODUCT_NAME = "$(TARGET_NAME)";
				SWIFT_VERSION = 3.0;
				TEST_HOST = "$(BUILT_PRODUCTS_DIR)/Calculadora.app/Calculadora";
			};
			name = Debug;
		};
		42612E5B1DE66AA700544130 /* Release */ = {
			isa = XCBuildConfiguration;
			buildSettings = {
				ALWAYS_EMBED_SWIFT_STANDARD_LIBRARIES = YES;
				BUNDLE_LOADER = "$(TEST_HOST)";
				INFOPLIST_FILE = CalculadoraTests/Info.plist;
				LD_RUNPATH_SEARCH_PATHS = "$(inherited) @executable_path/Frameworks @loader_path/Frameworks";
				PRODUCT_BUNDLE_IDENTIFIER = mx.edu.tectijuana.CalculadoraTests;
				PRODUCT_NAME = "$(TARGET_NAME)";
				SWIFT_VERSION = 3.0;
				TEST_HOST = "$(BUILT_PRODUCTS_DIR)/Calculadora.app/Calculadora";
			};
			name = Release;
		};
		42612E5D1DE66AA700544130 /* Debug */ = {
			isa = XCBuildConfiguration;
			buildSettings = {
				ALWAYS_EMBED_SWIFT_STANDARD_LIBRARIES = YES;
				INFOPLIST_FILE = CalculadoraUITests/Info.plist;
				LD_RUNPATH_SEARCH_PATHS = "$(inherited) @executable_path/Frameworks @loader_path/Frameworks";
				PRODUCT_BUNDLE_IDENTIFIER = mx.edu.tectijuana.CalculadoraUITests;
				PRODUCT_NAME = "$(TARGET_NAME)";
				SWIFT_VERSION = 3.0;
				TEST_TARGET_NAME = Calculadora;
			};
			name = Debug;
		};
		42612E5E1DE66AA700544130 /* Release */ = {
			isa = XCBuildConfiguration;
			buildSettings = {
				ALWAYS_EMBED_SWIFT_STANDARD_LIBRARIES = YES;
				INFOPLIST_FILE = CalculadoraUITests/Info.plist;
				LD_RUNPATH_SEARCH_PATHS = "$(inherited) @executable_path/Frameworks @loader_path/Frameworks";
				PRODUCT_BUNDLE_IDENTIFIER = mx.edu.tectijuana.CalculadoraUITests;
				PRODUCT_NAME = "$(TARGET_NAME)";
				SWIFT_VERSION = 3.0;
				TEST_TARGET_NAME = Calculadora;
			};
			name = Release;
		};
/* End XCBuildConfiguration section */

/* Begin XCConfigurationList section */
		42612E291DE66AA700544130 /* Build configuration list for PBXProject "Calculadora" */ = {
			isa = XCConfigurationList;
			buildConfigurations = (
				42612E541DE66AA700544130 /* Debug */,
				42612E551DE66AA700544130 /* Release */,
			);
			defaultConfigurationIsVisible = 0;
			defaultConfigurationName = Release;
		};
		42612E561DE66AA700544130 /* Build configuration list for PBXNativeTarget "Calculadora" */ = {
			isa = XCConfigurationList;
			buildConfigurations = (
				42612E571DE66AA700544130 /* Debug */,
				42612E581DE66AA700544130 /* Release */,
			);
			defaultConfigurationIsVisible = 0;
		};
		42612E591DE66AA700544130 /* Build configuration list for PBXNativeTarget "CalculadoraTests" */ = {
			isa = XCConfigurationList;
			buildConfigurations = (
				42612E5A1DE66AA700544130 /* Debug */,
				42612E5B1DE66AA700544130 /* Release */,
			);
			defaultConfigurationIsVisible = 0;
		};
		42612E5C1DE66AA700544130 /* Build configuration list for PBXNativeTarget "CalculadoraUITests" */ = {
			isa = XCConfigurationList;
			buildConfigurations = (
				42612E5D1DE66AA700544130 /* Debug */,
				42612E5E1DE66AA700544130 /* Release */,
			);
			defaultConfigurationIsVisible = 0;
		};
/* End XCConfigurationList section */
	};
	rootObject = 42612E261DE66AA700544130 /* Project object */;
}
